Microsoft Visual Studio Solution File, Format Version 12.00
# Visual Studio Version 17
VisualStudioVersion = 17.5.2.0
MinimumVisualStudioVersion = 10.0.40219.1
Project("{FAE04EC0-301F-11D3-BF4B-00C04F79EFBC}") = "PackageTracker.API", "PackageTracker.API\PackageTracker.API.csproj", "{F63B1FE0-7FE5-9C0F-0368-875A7471AE49}"
EndProject
Global
	GlobalSection(SolutionConfigurationPlatforms) = preSolution
		Debug|Any CPU = Debug|Any CPU
		Release|Any CPU = Release|Any CPU
	EndGlobalSection
	GlobalSection(ProjectConfigurationPlatforms) = postSolution
		{F63B1FE0-7FE5-9C0F-0368-875A7471AE49}.Debug|Any CPU.ActiveCfg = Debug|Any CPU
		{F63B1FE0-7FE5-9C0F-0368-875A7471AE49}.Debug|Any CPU.Build.0 = Debug|Any CPU
		{F63B1FE0-7FE5-9C0F-0368-875A7471AE49}.Release|Any CPU.ActiveCfg = Release|Any CPU
		{F63B1FE0-7FE5-9C0F-0368-875A7471AE49}.Release|Any CPU.Build.0 = Release|Any CPU
	EndGlobalSection
	GlobalSection(SolutionProperties) = preSolution
		HideSolutionNode = FALSE
	EndGlobalSection
	GlobalSection(ExtensibilityGlobals) = postSolution
		SolutionGuid = {7804F5A6-135A-4C08-81E8-22B312F65D63}
	EndGlobalSection
EndGlobal
